
Microsoft Visual Studio Solution File, Format Version 12.00
# Visual Studio 15
Project("{FAE04EC0-301F-11D3-BF4B-00C04F79EFBC}") = "TimelineViewSample.Android", "TimelineViewSample.Android\TimelineViewSample.Android.csproj", "{4FC68A61-6872-4085-886A-FDF4A676220C}"
EndProject
Project("{FAE04EC0-301F-11D3-BF4B-00C04F79EFBC}") = "TimelineViewSample.iOS", "TimelineViewSample.iOS\TimelineViewSample.iOS.csproj", "{AECDA9B3-0F64-4865-9620-D03B961DC1AF}"
EndProject
Project("{D954291E-2A0B-460D-934E-DC6B0785DB48}") = "TimelineViewSample", "TimelineViewSample\TimelineViewSample.shproj", "{1AD9AB72-E7B3-41DC-A6CA-80128BC3C05A}"
EndProject
Global
	GlobalSection(SolutionConfigurationPlatforms) = preSolution
		Debug|Any CPU = Debug|Any CPU
		Release|Any CPU = Release|Any CPU
		Debug|iPhoneSimulator = Debug|iPhoneSimulator
		Release|iPhoneSimulator = Release|iPhoneSimulator
		Debug|iPhone = Debug|iPhone
		Release|iPhone = Release|iPhone
		Ad-Hoc|iPhone = Ad-Hoc|iPhone
		AppStore|iPhone = AppStore|iPhone
	EndGlobalSection
	GlobalSection(ProjectConfigurationPlatforms) = postSolution
		{4FC68A61-6872-4085-886A-FDF4A676220C}.Debug|Any CPU.ActiveCfg = Debug|Any CPU
		{4FC68A61-6872-4085-886A-FDF4A676220C}.Debug|Any CPU.Build.0 = Debug|Any CPU
		{4FC68A61-6872-4085-886A-FDF4A676220C}.Release|Any CPU.ActiveCfg = Release|Any CPU
		{4FC68A61-6872-4085-886A-FDF4A676220C}.Release|Any CPU.Build.0 = Release|Any CPU
		{4FC68A61-6872-4085-886A-FDF4A676220C}.Debug|iPhoneSimulator.ActiveCfg = Debug|Any CPU
		{4FC68A61-6872-4085-886A-FDF4A676220C}.Debug|iPhoneSimulator.Build.0 = Debug|Any CPU
		{4FC68A61-6872-4085-886A-FDF4A676220C}.Release|iPhoneSimulator.ActiveCfg = Release|Any CPU
		{4FC68A61-6872-4085-886A-FDF4A676220C}.Release|iPhoneSimulator.Build.0 = Release|Any CPU
		{4FC68A61-6872-4085-886A-FDF4A676220C}.Debug|iPhone.ActiveCfg = Debug|Any CPU
		{4FC68A61-6872-4085-886A-FDF4A676220C}.Debug|iPhone.Build.0 = Debug|Any CPU
		{4FC68A61-6872-4085-886A-FDF4A676220C}.Release|iPhone.ActiveCfg = Release|Any CPU
		{4FC68A61-6872-4085-886A-FDF4A676220C}.Release|iPhone.Build.0 = Release|Any CPU
		{4FC68A61-6872-4085-886A-FDF4A676220C}.Ad-Hoc|iPhone.ActiveCfg = Debug|Any CPU
		{4FC68A61-6872-4085-886A-FDF4A676220C}.Ad-Hoc|iPhone.Build.0 = Debug|Any CPU
		{4FC68A61-6872-4085-886A-FDF4A676220C}.AppStore|iPhone.ActiveCfg = Debug|Any CPU
		{4FC68A61-6872-4085-886A-FDF4A676220C}.AppStore|iPhone.Build.0 = Debug|Any CPU
		{AECDA9B3-0F64-4865-9620-D03B961DC1AF}.Debug|Any CPU.ActiveCfg = Debug|iPhoneSimulator
		{AECDA9B3-0F64-4865-9620-D03B961DC1AF}.Debug|Any CPU.Build.0 = Debug|iPhoneSimulator
		{AECDA9B3-0F64-4865-9620-D03B961DC1AF}.Release|Any CPU.ActiveCfg = Release|iPhoneSimulator
		{AECDA9B3-0F64-4865-9620-D03B961DC1AF}.Release|Any CPU.Build.0 = Release|iPhoneSimulator
		{AECDA9B3-0F64-4865-9620-D03B961DC1AF}.Debug|iPhoneSimulator.ActiveCfg = Debug|iPhoneSimulator
		{AECDA9B3-0F64-4865-9620-D03B961DC1AF}.Debug|iPhoneSimulator.Build.0 = Debug|iPhoneSimulator
		{AECDA9B3-0F64-4865-9620-D03B961DC1AF}.Release|iPhoneSimulator.ActiveCfg = Release|iPhoneSimulator
		{AECDA9B3-0F64-4865-9620-D03B961DC1AF}.Release|iPhoneSimulator.Build.0 = Release|iPhoneSimulator
		{AECDA9B3-0F64-4865-9620-D03B961DC1AF}.Debug|iPhone.ActiveCfg = Debug|iPhone
		{AECDA9B3-0F64-4865-9620-D03B961DC1AF}.Debug|iPhone.Build.0 = Debug|iPhone
		{AECDA9B3-0F64-4865-9620-D03B961DC1AF}.Release|iPhone.ActiveCfg = Release|iPhone
		{AECDA9B3-0F64-4865-9620-D03B961DC1AF}.Release|iPhone.Build.0 = Release|iPhone
		{AECDA9B3-0F64-4865-9620-D03B961DC1AF}.Ad-Hoc|iPhone.ActiveCfg = Ad-Hoc|iPhone
		{AECDA9B3-0F64-4865-9620-D03B961DC1AF}.Ad-Hoc|iPhone.Build.0 = Ad-Hoc|iPhone
		{AECDA9B3-0F64-4865-9620-D03B961DC1AF}.AppStore|iPhone.ActiveCfg = AppStore|iPhone
		{AECDA9B3-0F64-4865-9620-D03B961DC1AF}.AppStore|iPhone.Build.0 = AppStore|iPhone
	EndGlobalSection
EndGlobal
